
Microsoft Visual Studio Solution File, Format Version 12.00
# Visual Studio Version 16
VisualStudioVersion = 16.0.28729.10
MinimumVisualStudioVersion = 10.0.40219.1
Project("{D954291E-2A0B-460D-934E-DC6B0785DB48}") = "BluetoothCarTracker.Shared", "BluetoothCarTracker\BluetoothCarTracker.Shared\BluetoothCarTracker.Shared.shproj", "{6279C845-92F8-4333-AB99-3D213163593C}"
EndProject
Project("{FAE04EC0-301F-11D3-BF4B-00C04F79EFBC}") = "BluetoothCarTracker.Droid", "BluetoothCarTracker\BluetoothCarTracker.Droid\BluetoothCarTracker.Droid.csproj", "{8DC50E2A-E481-409E-AE22-232CCEB54500}"
EndProject
Project("{FAE04EC0-301F-11D3-BF4B-00C04F79EFBC}") = "BluetoothCarTracker.iOS", "BluetoothCarTracker\BluetoothCarTracker.iOS\BluetoothCarTracker.iOS.csproj", "{22C52934-DA9F-4C41-89C8-EC10FBA2D53C}"
EndProject
Project("{FAE04EC0-301F-11D3-BF4B-00C04F79EFBC}") = "BluetoothCarTracker.UWP", "BluetoothCarTracker\BluetoothCarTracker.UWP\BluetoothCarTracker.UWP.csproj", "{81F3BCC5-FCB2-49A5-9E30-1AEFE90FEF92}"
EndProject
Project("{9A19103F-16F7-4668-BE54-9A1E7A4F7556}") = "BluetoothCarTracker.Wasm", "BluetoothCarTracker\BluetoothCarTracker.Wasm\BluetoothCarTracker.Wasm.csproj", "{45D94AF0-3076-4CE7-906A-7D93FB526D1E}"
EndProject
Global
	GlobalSection(SharedMSBuildProjectFiles) = preSolution
		BluetoothCarTracker\BluetoothCarTracker.Shared\BluetoothCarTracker.Shared.projitems*{22c52934-da9f-4c41-89c8-ec10fba2d53c}*SharedItemsImports = 4
		BluetoothCarTracker\BluetoothCarTracker.Shared\BluetoothCarTracker.Shared.projitems*{6279c845-92f8-4333-ab99-3d213163593c}*SharedItemsImports = 13
		BluetoothCarTracker\BluetoothCarTracker.Shared\BluetoothCarTracker.Shared.projitems*{81f3bcc5-fcb2-49a5-9e30-1aefe90fef92}*SharedItemsImports = 4
		BluetoothCarTracker\BluetoothCarTracker.Shared\BluetoothCarTracker.Shared.projitems*{8dc50e2a-e481-409e-ae22-232cceb54500}*SharedItemsImports = 4
	EndGlobalSection
	GlobalSection(SolutionConfigurationPlatforms) = preSolution
		Ad-Hoc|Any CPU = Ad-Hoc|Any CPU
		Ad-Hoc|ARM = Ad-Hoc|ARM
		Ad-Hoc|iPhone = Ad-Hoc|iPhone
		Ad-Hoc|iPhoneSimulator = Ad-Hoc|iPhoneSimulator
		Ad-Hoc|x64 = Ad-Hoc|x64
		Ad-Hoc|x86 = Ad-Hoc|x86
		AppStore|Any CPU = AppStore|Any CPU
		AppStore|ARM = AppStore|ARM
		AppStore|iPhone = AppStore|iPhone
		AppStore|iPhoneSimulator = AppStore|iPhoneSimulator
		AppStore|x64 = AppStore|x64
		AppStore|x86 = AppStore|x86
		Debug|Any CPU = Debug|Any CPU
		Debug|ARM = Debug|ARM
		Debug|iPhone = Debug|iPhone
		Debug|iPhoneSimulator = Debug|iPhoneSimulator
		Debug|x64 = Debug|x64
		Debug|x86 = Debug|x86
		Release|Any CPU = Release|Any CPU
		Release|ARM = Release|ARM
		Release|iPhone = Release|iPhone
		Release|iPhoneSimulator = Release|iPhoneSimulator
		Release|x64 = Release|x64
		Release|x86 = Release|x86
	EndGlobalSection
	GlobalSection(ProjectConfigurationPlatforms) = postSolution
		{8DC50E2A-E481-409E-AE22-232CCEB54500}.Ad-Hoc|Any CPU.ActiveCfg = Release|Any CPU
		{8DC50E2A-E481-409E-AE22-232CCEB54500}.Ad-Hoc|Any CPU.Build.0 = Release|Any CPU
		{8DC50E2A-E481-409E-AE22-232CCEB54500}.Ad-Hoc|Any CPU.Deploy.0 = Release|Any CPU
		{8DC50E2A-E481-409E-AE22-232CCEB54500}.Ad-Hoc|ARM.ActiveCfg = Release|Any CPU
		{8DC50E2A-E481-409E-AE22-232CCEB54500}.Ad-Hoc|ARM.Build.0 = Release|Any CPU
		{8DC50E2A-E481-409E-AE22-232CCEB54500}.Ad-Hoc|ARM.Deploy.0 = Release|Any CPU
		{8DC50E2A-E481-409E-AE22-232CCEB54500}.Ad-Hoc|iPhone.ActiveCfg = Release|Any CPU
		{8DC50E2A-E481-409E-AE22-232CCEB54500}.Ad-Hoc|iPhone.Build.0 = Release|Any CPU
		{8DC50E2A-E481-409E-AE22-232CCEB54500}.Ad-Hoc|iPhone.Deploy.0 = Release|Any CPU
		{8DC50E2A-E481-409E-AE22-232CCEB54500}.Ad-Hoc|iPhoneSimulator.ActiveCfg = Release|Any CPU
		{8DC50E2A-E481-409E-AE22-232CCEB54500}.Ad-Hoc|iPhoneSimulator.Build.0 = Release|Any CPU
		{8DC50E2A-E481-409E-AE22-232CCEB54500}.Ad-Hoc|iPhoneSimulator.Deploy.0 = Release|Any CPU
		{8DC50E2A-E481-409E-AE22-232CCEB54500}.Ad-Hoc|x64.ActiveCfg = Release|Any CPU
		{8DC50E2A-E481-409E-AE22-232CCEB54500}.Ad-Hoc|x64.Build.0 = Release|Any CPU
		{8DC50E2A-E481-409E-AE22-232CCEB54500}.Ad-Hoc|x64.Deploy.0 = Release|Any CPU
		{8DC50E2A-E481-409E-AE22-232CCEB54500}.Ad-Hoc|x86.ActiveCfg = Release|Any CPU
		{8DC50E2A-E481-409E-AE22-232CCEB54500}.Ad-Hoc|x86.Build.0 = Release|Any CPU
		{8DC50E2A-E481-409E-AE22-232CCEB54500}.Ad-Hoc|x86.Deploy.0 = Release|Any CPU
		{8DC50E2A-E481-409E-AE22-232CCEB54500}.AppStore|Any CPU.ActiveCfg = Release|Any CPU
		{8DC50E2A-E481-409E-AE22-232CCEB54500}.AppStore|Any CPU.Build.0 = Release|Any CPU
		{8DC50E2A-E481-409E-AE22-232CCEB54500}.AppStore|Any CPU.Deploy.0 = Release|Any CPU
		{8DC50E2A-E481-409E-AE22-232CCEB54500}.AppStore|ARM.ActiveCfg = Release|Any CPU
		{8DC50E2A-E481-409E-AE22-232CCEB54500}.AppStore|ARM.Build.0 = Release|Any CPU
		{8DC50E2A-E481-409E-AE22-232CCEB54500}.AppStore|ARM.Deploy.0 = Release|Any CPU
		{8DC50E2A-E481-409E-AE22-232CCEB54500}.AppStore|iPhone.ActiveCfg = Release|Any CPU
		{8DC50E2A-E481-409E-AE22-232CCEB54500}.AppStore|iPhone.Build.0 = Release|Any CPU
		{8DC50E2A-E481-409E-AE22-232CCEB54500}.AppStore|iPhone.Deploy.0 = Release|Any CPU
		{8DC50E2A-E481-409E-AE22-232CCEB54500}.AppStore|iPhoneSimulator.ActiveCfg = Release|Any CPU
		{8DC50E2A-E481-409E-AE22-232CCEB54500}.AppStore|iPhoneSimulator.Build.0 = Release|Any CPU
		{8DC50E2A-E481-409E-AE22-232CCEB54500}.AppStore|iPhoneSimulator.Deploy.0 = Release|Any CPU
		{8DC50E2A-E481-409E-AE22-232CCEB54500}.AppStore|x64.ActiveCfg = Release|Any CPU
		{8DC50E2A-E481-409E-AE22-232CCEB54500}.AppStore|x64.Build.0 = Release|Any CPU
		{8DC50E2A-E481-409E-AE22-232CCEB54500}.AppStore|x64.Deploy.0 = Release|Any CPU
		{8DC50E2A-E481-409E-AE22-232CCEB54500}.AppStore|x86.ActiveCfg = Release|Any CPU
		{8DC50E2A-E481-409E-AE22-232CCEB54500}.AppStore|x86.Build.0 = Release|Any CPU
		{8DC50E2A-E481-409E-AE22-232CCEB54500}.AppStore|x86.Deploy.0 = Release|Any CPU
		{8DC50E2A-E481-409E-AE22-232CCEB54500}.Debug|Any CPU.ActiveCfg = Debug|Any CPU
		{8DC50E2A-E481-409E-AE22-232CCEB54500}.Debug|Any CPU.Build.0 = Debug|Any CPU
		{8DC50E2A-E481-409E-AE22-232CCEB54500}.Debug|Any CPU.Deploy.0 = Debug|Any CPU
		{8DC50E2A-E481-409E-AE22-232CCEB54500}.Debug|ARM.ActiveCfg = Debug|Any CPU
		{8DC50E2A-E481-409E-AE22-232CCEB54500}.Debug|ARM.Build.0 = Debug|Any CPU
		{8DC50E2A-E481-409E-AE22-232CCEB54500}.Debug|ARM.Deploy.0 = Debug|Any CPU
		{8DC50E2A-E481-409E-AE22-232CCEB54500}.Debug|iPhone.ActiveCfg = Debug|Any CPU
		{8DC50E2A-E481-409E-AE22-232CCEB54500}.Debug|iPhone.Build.0 = Debug|Any CPU
		{8DC50E2A-E481-409E-AE22-232CCEB54500}.Debug|iPhone.Deploy.0 = Debug|Any CPU
		{8DC50E2A-E481-409E-AE22-232CCEB54500}.Debug|iPhoneSimulator.ActiveCfg = Debug|Any CPU
		{8DC50E2A-E481-409E-AE22-232CCEB54500}.Debug|iPhoneSimulator.Build.0 = Debug|Any CPU
		{8DC50E2A-E481-409E-AE22-232CCEB54500}.Debug|iPhoneSimulator.Deploy.0 = Debug|Any CPU
		{8DC50E2A-E481-409E-AE22-232CCEB54500}.Debug|x64.ActiveCfg = Debug|Any CPU
		{8DC50E2A-E481-409E-AE22-232CCEB54500}.Debug|x64.Build.0 = Debug|Any CPU
		{8DC50E2A-E481-409E-AE22-232CCEB54500}.Debug|x64.Deploy.0 = Debug|Any CPU
		{8DC50E2A-E481-409E-AE22-232CCEB54500}.Debug|x86.ActiveCfg = Debug|Any CPU
		{8DC50E2A-E481-409E-AE22-232CCEB54500}.Debug|x86.Build.0 = Debug|Any CPU
		{8DC50E2A-E481-409E-AE22-232CCEB54500}.Debug|x86.Deploy.0 = Debug|Any CPU
		{8DC50E2A-E481-409E-AE22-232CCEB54500}.Release|Any CPU.ActiveCfg = Release|Any CPU
		{8DC50E2A-E481-409E-AE22-232CCEB54500}.Release|Any CPU.Build.0 = Release|Any CPU
		{8DC50E2A-E481-409E-AE22-232CCEB54500}.Release|Any CPU.Deploy.0 = Release|Any CPU
		{8DC50E2A-E481-409E-AE22-232CCEB54500}.Release|ARM.ActiveCfg = Release|Any CPU
		{8DC50E2A-E481-409E-AE22-232CCEB54500}.Release|ARM.Build.0 = Release|Any CPU
		{8DC50E2A-E481-409E-AE22-232CCEB54500}.Release|ARM.Deploy.0 = Release|Any CPU
		{8DC50E2A-E481-409E-AE22-232CCEB54500}.Release|iPhone.ActiveCfg = Release|Any CPU
		{8DC50E2A-E481-409E-AE22-232CCEB54500}.Release|iPhone.Build.0 = Release|Any CPU
		{8DC50E2A-E481-409E-AE22-232CCEB54500}.Release|iPhone.Deploy.0 = Release|Any CPU
		{8DC50E2A-E481-409E-AE22-232CCEB54500}.Release|iPhoneSimulator.ActiveCfg = Release|Any CPU
		{8DC50E2A-E481-409E-AE22-232CCEB54500}.Release|iPhoneSimulator.Build.0 = Release|Any CPU
		{8DC50E2A-E481-409E-AE22-232CCEB54500}.Release|iPhoneSimulator.Deploy.0 = Release|Any CPU
		{8DC50E2A-E481-409E-AE22-232CCEB54500}.Release|x64.ActiveCfg = Release|Any CPU
		{8DC50E2A-E481-409E-AE22-232CCEB54500}.Release|x64.Build.0 = Release|Any CPU
		{8DC50E2A-E481-409E-AE22-232CCEB54500}.Release|x64.Deploy.0 = Release|Any CPU
		{8DC50E2A-E481-409E-AE22-232CCEB54500}.Release|x86.ActiveCfg = Release|Any CPU
		{8DC50E2A-E481-409E-AE22-232CCEB54500}.Release|x86.Build.0 = Release|Any CPU
		{8DC50E2A-E481-409E-AE22-232CCEB54500}.Release|x86.Deploy.0 = Release|Any CPU
		{22C52934-DA9F-4C41-89C8-EC10FBA2D53C}.Ad-Hoc|Any CPU.ActiveCfg = Ad-Hoc|iPhone
		{22C52934-DA9F-4C41-89C8-EC10FBA2D53C}.Ad-Hoc|ARM.ActiveCfg = Ad-Hoc|iPhone
		{22C52934-DA9F-4C41-89C8-EC10FBA2D53C}.Ad-Hoc|iPhone.ActiveCfg = Ad-Hoc|iPhone
		{22C52934-DA9F-4C41-89C8-EC10FBA2D53C}.Ad-Hoc|iPhone.Build.0 = Ad-Hoc|iPhone
		{22C52934-DA9F-4C41-89C8-EC10FBA2D53C}.Ad-Hoc|iPhoneSimulator.ActiveCfg = Ad-Hoc|iPhoneSimulator
		{22C52934-DA9F-4C41-89C8-EC10FBA2D53C}.Ad-Hoc|iPhoneSimulator.Build.0 = Ad-Hoc|iPhoneSimulator
		{22C52934-DA9F-4C41-89C8-EC10FBA2D53C}.Ad-Hoc|x64.ActiveCfg = Ad-Hoc|iPhone
		{22C52934-DA9F-4C41-89C8-EC10FBA2D53C}.Ad-Hoc|x86.ActiveCfg = Ad-Hoc|iPhone
		{22C52934-DA9F-4C41-89C8-EC10FBA2D53C}.AppStore|Any CPU.ActiveCfg = AppStore|iPhone
		{22C52934-DA9F-4C41-89C8-EC10FBA2D53C}.AppStore|ARM.ActiveCfg = AppStore|iPhone
		{22C52934-DA9F-4C41-89C8-EC10FBA2D53C}.AppStore|iPhone.ActiveCfg = AppStore|iPhone
		{22C52934-DA9F-4C41-89C8-EC10FBA2D53C}.AppStore|iPhone.Build.0 = AppStore|iPhone
		{22C52934-DA9F-4C41-89C8-EC10FBA2D53C}.AppStore|iPhoneSimulator.ActiveCfg = AppStore|iPhoneSimulator
		{22C52934-DA9F-4C41-89C8-EC10FBA2D53C}.AppStore|iPhoneSimulator.Build.0 = AppStore|iPhoneSimulator
		{22C52934-DA9F-4C41-89C8-EC10FBA2D53C}.AppStore|x64.ActiveCfg = AppStore|iPhone
		{22C52934-DA9F-4C41-89C8-EC10FBA2D53C}.AppStore|x86.ActiveCfg = AppStore|iPhone
		{22C52934-DA9F-4C41-89C8-EC10FBA2D53C}.Debug|Any CPU.ActiveCfg = Debug|iPhone
		{22C52934-DA9F-4C41-89C8-EC10FBA2D53C}.Debug|ARM.ActiveCfg = Debug|iPhone
		{22C52934-DA9F-4C41-89C8-EC10FBA2D53C}.Debug|iPhone.ActiveCfg = Debug|iPhone
		{22C52934-DA9F-4C41-89C8-EC10FBA2D53C}.Debug|iPhone.Build.0 = Debug|iPhone
		{22C52934-DA9F-4C41-89C8-EC10FBA2D53C}.Debug|iPhoneSimulator.ActiveCfg = Debug|iPhoneSimulator
		{22C52934-DA9F-4C41-89C8-EC10FBA2D53C}.Debug|iPhoneSimulator.Build.0 = Debug|iPhoneSimulator
		{22C52934-DA9F-4C41-89C8-EC10FBA2D53C}.Debug|x64.ActiveCfg = Debug|iPhone
		{22C52934-DA9F-4C41-89C8-EC10FBA2D53C}.Debug|x86.ActiveCfg = Debug|iPhone
		{22C52934-DA9F-4C41-89C8-EC10FBA2D53C}.Release|Any CPU.ActiveCfg = Release|iPhone
		{22C52934-DA9F-4C41-89C8-EC10FBA2D53C}.Release|ARM.ActiveCfg = Release|iPhone
		{22C52934-DA9F-4C41-89C8-EC10FBA2D53C}.Release|iPhone.ActiveCfg = Release|iPhone
		{22C52934-DA9F-4C41-89C8-EC10FBA2D53C}.Release|iPhone.Build.0 = Release|iPhone
		{22C52934-DA9F-4C41-89C8-EC10FBA2D53C}.Release|iPhoneSimulator.ActiveCfg = Release|iPhoneSimulator
		{22C52934-DA9F-4C41-89C8-EC10FBA2D53C}.Release|iPhoneSimulator.Build.0 = Release|iPhoneSimulator
		{22C52934-DA9F-4C41-89C8-EC10FBA2D53C}.Release|x64.ActiveCfg = Release|iPhone
		{22C52934-DA9F-4C41-89C8-EC10FBA2D53C}.Release|x86.ActiveCfg = Release|iPhone
		{81F3BCC5-FCB2-49A5-9E30-1AEFE90FEF92}.Ad-Hoc|Any CPU.ActiveCfg = Release|x64
		{81F3BCC5-FCB2-49A5-9E30-1AEFE90FEF92}.Ad-Hoc|Any CPU.Build.0 = Release|x64
		{81F3BCC5-FCB2-49A5-9E30-1AEFE90FEF92}.Ad-Hoc|Any CPU.Deploy.0 = Release|x64
		{81F3BCC5-FCB2-49A5-9E30-1AEFE90FEF92}.Ad-Hoc|ARM.ActiveCfg = Release|ARM
		{81F3BCC5-FCB2-49A5-9E30-1AEFE90FEF92}.Ad-Hoc|ARM.Build.0 = Release|ARM
		{81F3BCC5-FCB2-49A5-9E30-1AEFE90FEF92}.Ad-Hoc|ARM.Deploy.0 = Release|ARM
		{81F3BCC5-FCB2-49A5-9E30-1AEFE90FEF92}.Ad-Hoc|iPhone.ActiveCfg = Release|x64
		{81F3BCC5-FCB2-49A5-9E30-1AEFE90FEF92}.Ad-Hoc|iPhone.Build.0 = Release|x64
		{81F3BCC5-FCB2-49A5-9E30-1AEFE90FEF92}.Ad-Hoc|iPhone.Deploy.0 = Release|x64
		{81F3BCC5-FCB2-49A5-9E30-1AEFE90FEF92}.Ad-Hoc|iPhoneSimulator.ActiveCfg = Release|x64
		{81F3BCC5-FCB2-49A5-9E30-1AEFE90FEF92}.Ad-Hoc|iPhoneSimulator.Build.0 = Release|x64
		{81F3BCC5-FCB2-49A5-9E30-1AEFE90FEF92}.Ad-Hoc|iPhoneSimulator.Deploy.0 = Release|x64
		{81F3BCC5-FCB2-49A5-9E30-1AEFE90FEF92}.Ad-Hoc|x64.ActiveCfg = Release|x64
		{81F3BCC5-FCB2-49A5-9E30-1AEFE90FEF92}.Ad-Hoc|x64.Build.0 = Release|x64
		{81F3BCC5-FCB2-49A5-9E30-1AEFE90FEF92}.Ad-Hoc|x64.Deploy.0 = Release|x64
		{81F3BCC5-FCB2-49A5-9E30-1AEFE90FEF92}.Ad-Hoc|x86.ActiveCfg = Release|x86
		{81F3BCC5-FCB2-49A5-9E30-1AEFE90FEF92}.Ad-Hoc|x86.Build.0 = Release|x86
		{81F3BCC5-FCB2-49A5-9E30-1AEFE90FEF92}.Ad-Hoc|x86.Deploy.0 = Release|x86
		{81F3BCC5-FCB2-49A5-9E30-1AEFE90FEF92}.AppStore|Any CPU.ActiveCfg = Release|x64
		{81F3BCC5-FCB2-49A5-9E30-1AEFE90FEF92}.AppStore|Any CPU.Build.0 = Release|x64
		{81F3BCC5-FCB2-49A5-9E30-1AEFE90FEF92}.AppStore|Any CPU.Deploy.0 = Release|x64
		{81F3BCC5-FCB2-49A5-9E30-1AEFE90FEF92}.AppStore|ARM.ActiveCfg = Release|ARM
		{81F3BCC5-FCB2-49A5-9E30-1AEFE90FEF92}.AppStore|ARM.Build.0 = Release|ARM
		{81F3BCC5-FCB2-49A5-9E30-1AEFE90FEF92}.AppStore|ARM.Deploy.0 = Release|ARM
		{81F3BCC5-FCB2-49A5-9E30-1AEFE90FEF92}.AppStore|iPhone.ActiveCfg = Release|x64
		{81F3BCC5-FCB2-49A5-9E30-1AEFE90FEF92}.AppStore|iPhone.Build.0 = Release|x64
		{81F3BCC5-FCB2-49A5-9E30-1AEFE90FEF92}.AppStore|iPhone.Deploy.0 = Release|x64
		{81F3BCC5-FCB2-49A5-9E30-1AEFE90FEF92}.AppStore|iPhoneSimulator.ActiveCfg = Release|x64
		{81F3BCC5-FCB2-49A5-9E30-1AEFE90FEF92}.AppStore|iPhoneSimulator.Build.0 = Release|x64
		{81F3BCC5-FCB2-49A5-9E30-1AEFE90FEF92}.AppStore|iPhoneSimulator.Deploy.0 = Release|x64
		{81F3BCC5-FCB2-49A5-9E30-1AEFE90FEF92}.AppStore|x64.ActiveCfg = Release|x64
		{81F3BCC5-FCB2-49A5-9E30-1AEFE90FEF92}.AppStore|x64.Build.0 = Release|x64
		{81F3BCC5-FCB2-49A5-9E30-1AEFE90FEF92}.AppStore|x64.Deploy.0 = Release|x64
		{81F3BCC5-FCB2-49A5-9E30-1AEFE90FEF92}.AppStore|x86.ActiveCfg = Release|x86
		{81F3BCC5-FCB2-49A5-9E30-1AEFE90FEF92}.AppStore|x86.Build.0 = Release|x86
		{81F3BCC5-FCB2-49A5-9E30-1AEFE90FEF92}.AppStore|x86.Deploy.0 = Release|x86
		{81F3BCC5-FCB2-49A5-9E30-1AEFE90FEF92}.Debug|Any CPU.ActiveCfg = Debug|x86
		{81F3BCC5-FCB2-49A5-9E30-1AEFE90FEF92}.Debug|ARM.ActiveCfg = Debug|ARM
		{81F3BCC5-FCB2-49A5-9E30-1AEFE90FEF92}.Debug|ARM.Build.0 = Debug|ARM
		{81F3BCC5-FCB2-49A5-9E30-1AEFE90FEF92}.Debug|ARM.Deploy.0 = Debug|ARM
		{81F3BCC5-FCB2-49A5-9E30-1AEFE90FEF92}.Debug|iPhone.ActiveCfg = Debug|x86
		{81F3BCC5-FCB2-49A5-9E30-1AEFE90FEF92}.Debug|iPhoneSimulator.ActiveCfg = Debug|x86
		{81F3BCC5-FCB2-49A5-9E30-1AEFE90FEF92}.Debug|x64.ActiveCfg = Debug|x64
		{81F3BCC5-FCB2-49A5-9E30-1AEFE90FEF92}.Debug|x64.Build.0 = Debug|x64
		{81F3BCC5-FCB2-49A5-9E30-1AEFE90FEF92}.Debug|x64.Deploy.0 = Debug|x64
		{81F3BCC5-FCB2-49A5-9E30-1AEFE90FEF92}.Debug|x86.ActiveCfg = Debug|x86
		{81F3BCC5-FCB2-49A5-9E30-1AEFE90FEF92}.Debug|x86.Build.0 = Debug|x86
		{81F3BCC5-FCB2-49A5-9E30-1AEFE90FEF92}.Debug|x86.Deploy.0 = Debug|x86
		{81F3BCC5-FCB2-49A5-9E30-1AEFE90FEF92}.Release|Any CPU.ActiveCfg = Release|x86
		{81F3BCC5-FCB2-49A5-9E30-1AEFE90FEF92}.Release|ARM.ActiveCfg = Release|ARM
		{81F3BCC5-FCB2-49A5-9E30-1AEFE90FEF92}.Release|ARM.Build.0 = Release|ARM
		{81F3BCC5-FCB2-49A5-9E30-1AEFE90FEF92}.Release|ARM.Deploy.0 = Release|ARM
		{81F3BCC5-FCB2-49A5-9E30-1AEFE90FEF92}.Release|iPhone.ActiveCfg = Release|x86
		{81F3BCC5-FCB2-49A5-9E30-1AEFE90FEF92}.Release|iPhoneSimulator.ActiveCfg = Release|x86
		{81F3BCC5-FCB2-49A5-9E30-1AEFE90FEF92}.Release|x64.ActiveCfg = Release|x64
		{81F3BCC5-FCB2-49A5-9E30-1AEFE90FEF92}.Release|x64.Build.0 = Release|x64
		{81F3BCC5-FCB2-49A5-9E30-1AEFE90FEF92}.Release|x64.Deploy.0 = Release|x64
		{81F3BCC5-FCB2-49A5-9E30-1AEFE90FEF92}.Release|x86.ActiveCfg = Release|x86
		{81F3BCC5-FCB2-49A5-9E30-1AEFE90FEF92}.Release|x86.Build.0 = Release|x86
		{81F3BCC5-FCB2-49A5-9E30-1AEFE90FEF92}.Release|x86.Deploy.0 = Release|x86
		{45D94AF0-3076-4CE7-906A-7D93FB526D1E}.Ad-Hoc|Any CPU.ActiveCfg = Debug|Any CPU
		{45D94AF0-3076-4CE7-906A-7D93FB526D1E}.Ad-Hoc|Any CPU.Build.0 = Debug|Any CPU
		{45D94AF0-3076-4CE7-906A-7D93FB526D1E}.Ad-Hoc|ARM.ActiveCfg = Debug|Any CPU
		{45D94AF0-3076-4CE7-906A-7D93FB526D1E}.Ad-Hoc|ARM.Build.0 = Debug|Any CPU
		{45D94AF0-3076-4CE7-906A-7D93FB526D1E}.Ad-Hoc|iPhone.ActiveCfg = Debug|Any CPU
		{45D94AF0-3076-4CE7-906A-7D93FB526D1E}.Ad-Hoc|iPhone.Build.0 = Debug|Any CPU
		{45D94AF0-3076-4CE7-906A-7D93FB526D1E}.Ad-Hoc|iPhoneSimulator.ActiveCfg = Debug|Any CPU
		{45D94AF0-3076-4CE7-906A-7D93FB526D1E}.Ad-Hoc|iPhoneSimulator.Build.0 = Debug|Any CPU
		{45D94AF0-3076-4CE7-906A-7D93FB526D1E}.Ad-Hoc|x64.ActiveCfg = Debug|Any CPU
		{45D94AF0-3076-4CE7-906A-7D93FB526D1E}.Ad-Hoc|x64.Build.0 = Debug|Any CPU
		{45D94AF0-3076-4CE7-906A-7D93FB526D1E}.Ad-Hoc|x86.ActiveCfg = Debug|Any CPU
		{45D94AF0-3076-4CE7-906A-7D93FB526D1E}.Ad-Hoc|x86.Build.0 = Debug|Any CPU
		{45D94AF0-3076-4CE7-906A-7D93FB526D1E}.AppStore|Any CPU.ActiveCfg = Debug|Any CPU
		{45D94AF0-3076-4CE7-906A-7D93FB526D1E}.AppStore|Any CPU.Build.0 = Debug|Any CPU
		{45D94AF0-3076-4CE7-906A-7D93FB526D1E}.AppStore|ARM.ActiveCfg = Debug|Any CPU
		{45D94AF0-3076-4CE7-906A-7D93FB526D1E}.AppStore|ARM.Build.0 = Debug|Any CPU
		{45D94AF0-3076-4CE7-906A-7D93FB526D1E}.AppStore|iPhone.ActiveCfg = Debug|Any CPU
		{45D94AF0-3076-4CE7-906A-7D93FB526D1E}.AppStore|iPhone.Build.0 = Debug|Any CPU
		{45D94AF0-3076-4CE7-906A-7D93FB526D1E}.AppStore|iPhoneSimulator.ActiveCfg = Debug|Any CPU
		{45D94AF0-3076-4CE7-906A-7D93FB526D1E}.AppStore|iPhoneSimulator.Build.0 = Debug|Any CPU
		{45D94AF0-3076-4CE7-906A-7D93FB526D1E}.AppStore|x64.ActiveCfg = Debug|Any CPU
		{45D94AF0-3076-4CE7-906A-7D93FB526D1E}.AppStore|x64.Build.0 = Debug|Any CPU
		{45D94AF0-3076-4CE7-906A-7D93FB526D1E}.AppStore|x86.ActiveCfg = Debug|Any CPU
		{45D94AF0-3076-4CE7-906A-7D93FB526D1E}.AppStore|x86.Build.0 = Debug|Any CPU
		{45D94AF0-3076-4CE7-906A-7D93FB526D1E}.Debug|Any CPU.ActiveCfg = Debug|Any CPU
		{45D94AF0-3076-4CE7-906A-7D93FB526D1E}.Debug|Any CPU.Build.0 = Debug|Any CPU
		{45D94AF0-3076-4CE7-906A-7D93FB526D1E}.Debug|ARM.ActiveCfg = Debug|Any CPU
		{45D94AF0-3076-4CE7-906A-7D93FB526D1E}.Debug|ARM.Build.0 = Debug|Any CPU
		{45D94AF0-3076-4CE7-906A-7D93FB526D1E}.Debug|iPhone.ActiveCfg = Debug|Any CPU
		{45D94AF0-3076-4CE7-906A-7D93FB526D1E}.Debug|iPhone.Build.0 = Debug|Any CPU
		{45D94AF0-3076-4CE7-906A-7D93FB526D1E}.Debug|iPhoneSimulator.ActiveCfg = Debug|Any CPU
		{45D94AF0-3076-4CE7-906A-7D93FB526D1E}.Debug|iPhoneSimulator.Build.0 = Debug|Any CPU
		{45D94AF0-3076-4CE7-906A-7D93FB526D1E}.Debug|x64.ActiveCfg = Debug|Any CPU
		{45D94AF0-3076-4CE7-906A-7D93FB526D1E}.Debug|x64.Build.0 = Debug|Any CPU
		{45D94AF0-3076-4CE7-906A-7D93FB526D1E}.Debug|x86.ActiveCfg = Debug|Any CPU
		{45D94AF0-3076-4CE7-906A-7D93FB526D1E}.Debug|x86.Build.0 = Debug|Any CPU
		{45D94AF0-3076-4CE7-906A-7D93FB526D1E}.Release|Any CPU.ActiveCfg = Release|Any CPU
		{45D94AF0-3076-4CE7-906A-7D93FB526D1E}.Release|Any CPU.Build.0 = Release|Any CPU
		{45D94AF0-3076-4CE7-906A-7D93FB526D1E}.Release|ARM.ActiveCfg = Release|Any CPU
		{45D94AF0-3076-4CE7-906A-7D93FB526D1E}.Release|ARM.Build.0 = Release|Any CPU
		{45D94AF0-3076-4CE7-906A-7D93FB526D1E}.Release|iPhone.ActiveCfg = Release|Any CPU
		{45D94AF0-3076-4CE7-906A-7D93FB526D1E}.Release|iPhone.Build.0 = Release|Any CPU
		{45D94AF0-3076-4CE7-906A-7D93FB526D1E}.Release|iPhoneSimulator.ActiveCfg = Release|Any CPU
		{45D94AF0-3076-4CE7-906A-7D93FB526D1E}.Release|iPhoneSimulator.Build.0 = Release|Any CPU
		{45D94AF0-3076-4CE7-906A-7D93FB526D1E}.Release|x64.ActiveCfg = Release|Any CPU
		{45D94AF0-3076-4CE7-906A-7D93FB526D1E}.Release|x64.Build.0 = Release|Any CPU
		{45D94AF0-3076-4CE7-906A-7D93FB526D1E}.Release|x86.ActiveCfg = Release|Any CPU
		{45D94AF0-3076-4CE7-906A-7D93FB526D1E}.Release|x86.Build.0 = Release|Any CPU
	EndGlobalSection
	GlobalSection(SolutionProperties) = preSolution
		HideSolutionNode = FALSE
	EndGlobalSection
	GlobalSection(ExtensibilityGlobals) = postSolution
		SolutionGuid = {8CFEF48D-2654-4053-8A40-F9F060E011CB}
	EndGlobalSection
EndGlobal
